
Microsoft Visual Studio Solution File, Format Version 12.00
# Visual Studio 15
VisualStudioVersion = 15.0.36617.4
MinimumVisualStudioVersion = 10.0.40219.1
Project("{FAE04EC0-301F-11D3-BF4B-00C04F79EFBC}") = "Demo6", "Demo6\Demo6.csproj", "{A7E2F8E4-377B-4D29-9F98-D2D56C7C4B21}"
EndProject
Global
	GlobalSection(SolutionConfigurationPlatforms) = preSolution
		Debug|Any CPU = Debug|Any CPU
		Release|Any CPU = Release|Any CPU
	EndGlobalSection
	GlobalSection(ProjectConfigurationPlatforms) = postSolution
		{A7E2F8E4-377B-4D29-9F98-D2D56C7C4B21}.Debug|Any CPU.ActiveCfg = Debug|Any CPU
		{A7E2F8E4-377B-4D29-9F98-D2D56C7C4B21}.Debug|Any CPU.Build.0 = Debug|Any CPU
		{A7E2F8E4-377B-4D29-9F98-D2D56C7C4B21}.Release|Any CPU.ActiveCfg = Release|Any CPU
		{A7E2F8E4-377B-4D29-9F98-D2D56C7C4B21}.Release|Any CPU.Build.0 = Release|Any CPU
	EndGlobalSection
	GlobalSection(SolutionProperties) = preSolution
		HideSolutionNode = FALSE
	EndGlobalSection
	GlobalSection(ExtensibilityGlobals) = postSolution
		SolutionGuid = {8A15F255-2DC7-49B8-B9FF-EBE1FA11AFB3}
	EndGlobalSection
EndGlobal
