
Microsoft Visual Studio Solution File, Format Version 12.00
# Visual Studio 15
VisualStudioVersion = 15.0.36617.4
MinimumVisualStudioVersion = 10.0.40219.1
Project("{FAE04EC0-301F-11D3-BF4B-00C04F79EFBC}") = "QLNhanVien", "QLNhanVien\QLNhanVien.csproj", "{847347A6-10A4-48CD-8E36-99354988D68C}"
EndProject
Global
	GlobalSection(SolutionConfigurationPlatforms) = preSolution
		Debug|Any CPU = Debug|Any CPU
		Release|Any CPU = Release|Any CPU
	EndGlobalSection
	GlobalSection(ProjectConfigurationPlatforms) = postSolution
		{847347A6-10A4-48CD-8E36-99354988D68C}.Debug|Any CPU.ActiveCfg = Debug|Any CPU
		{847347A6-10A4-48CD-8E36-99354988D68C}.Debug|Any CPU.Build.0 = Debug|Any CPU
		{847347A6-10A4-48CD-8E36-99354988D68C}.Release|Any CPU.ActiveCfg = Release|Any CPU
		{847347A6-10A4-48CD-8E36-99354988D68C}.Release|Any CPU.Build.0 = Release|Any CPU
	EndGlobalSection
	GlobalSection(SolutionProperties) = preSolution
		HideSolutionNode = FALSE
	EndGlobalSection
	GlobalSection(ExtensibilityGlobals) = postSolution
		SolutionGuid = {095B0F8B-97B1-4CBA-8465-46A4C36F99A8}
	EndGlobalSection
EndGlobal
