
Microsoft Visual Studio Solution File, Format Version 12.00
# Visual Studio 15
VisualStudioVersion = 15.0.36617.4
MinimumVisualStudioVersion = 10.0.40219.1
Project("{FAE04EC0-301F-11D3-BF4B-00C04F79EFBC}") = "Demo8", "Demo8\Demo8.csproj", "{49291D1A-E5FC-44C8-AA22-E8BE81497D2D}"
EndProject
Global
	GlobalSection(SolutionConfigurationPlatforms) = preSolution
		Debug|Any CPU = Debug|Any CPU
		Release|Any CPU = Release|Any CPU
	EndGlobalSection
	GlobalSection(ProjectConfigurationPlatforms) = postSolution
		{49291D1A-E5FC-44C8-AA22-E8BE81497D2D}.Debug|Any CPU.ActiveCfg = Debug|Any CPU
		{49291D1A-E5FC-44C8-AA22-E8BE81497D2D}.Debug|Any CPU.Build.0 = Debug|Any CPU
		{49291D1A-E5FC-44C8-AA22-E8BE81497D2D}.Release|Any CPU.ActiveCfg = Release|Any CPU
		{49291D1A-E5FC-44C8-AA22-E8BE81497D2D}.Release|Any CPU.Build.0 = Release|Any CPU
	EndGlobalSection
	GlobalSection(SolutionProperties) = preSolution
		HideSolutionNode = FALSE
	EndGlobalSection
	GlobalSection(ExtensibilityGlobals) = postSolution
		SolutionGuid = {78377D89-4791-4082-9905-76B1B90D8B12}
	EndGlobalSection
EndGlobal
