
Microsoft Visual Studio Solution File, Format Version 12.00
# Visual Studio Version 17
VisualStudioVersion = 17.14.37012.4 d17.14
MinimumVisualStudioVersion = 10.0.40219.1
Project("{FAE04EC0-301F-11D3-BF4B-00C04F79EFBC}") = "Demo13", "Demo13\Demo13.csproj", "{ACE01CD5-241B-46B0-917A-AB830130824D}"
EndProject
Global
	GlobalSection(SolutionConfigurationPlatforms) = preSolution
		Debug|Any CPU = Debug|Any CPU
		Release|Any CPU = Release|Any CPU
	EndGlobalSection
	GlobalSection(ProjectConfigurationPlatforms) = postSolution
		{ACE01CD5-241B-46B0-917A-AB830130824D}.Debug|Any CPU.ActiveCfg = Debug|Any CPU
		{ACE01CD5-241B-46B0-917A-AB830130824D}.Debug|Any CPU.Build.0 = Debug|Any CPU
		{ACE01CD5-241B-46B0-917A-AB830130824D}.Release|Any CPU.ActiveCfg = Release|Any CPU
		{ACE01CD5-241B-46B0-917A-AB830130824D}.Release|Any CPU.Build.0 = Release|Any CPU
	EndGlobalSection
	GlobalSection(SolutionProperties) = preSolution
		HideSolutionNode = FALSE
	EndGlobalSection
	GlobalSection(ExtensibilityGlobals) = postSolution
		SolutionGuid = {7D96C520-90F6-4ED0-A2EC-05A9DE46CEF2}
	EndGlobalSection
EndGlobal
