
Microsoft Visual Studio Solution File, Format Version 12.00
# Visual Studio 15
VisualStudioVersion = 15.0.36217.24
MinimumVisualStudioVersion = 10.0.40219.1
Project("{FAE04EC0-301F-11D3-BF4B-00C04F79EFBC}") = "TruuTuong", "TruuTuong\TruuTuong.csproj", "{A2BB5BB8-B37A-48E7-9826-C9BDCEE873D8}"
EndProject
Global
	GlobalSection(SolutionConfigurationPlatforms) = preSolution
		Debug|Any CPU = Debug|Any CPU
		Release|Any CPU = Release|Any CPU
	EndGlobalSection
	GlobalSection(ProjectConfigurationPlatforms) = postSolution
		{A2BB5BB8-B37A-48E7-9826-C9BDCEE873D8}.Debug|Any CPU.ActiveCfg = Debug|Any CPU
		{A2BB5BB8-B37A-48E7-9826-C9BDCEE873D8}.Debug|Any CPU.Build.0 = Debug|Any CPU
		{A2BB5BB8-B37A-48E7-9826-C9BDCEE873D8}.Release|Any CPU.ActiveCfg = Release|Any CPU
		{A2BB5BB8-B37A-48E7-9826-C9BDCEE873D8}.Release|Any CPU.Build.0 = Release|Any CPU
	EndGlobalSection
	GlobalSection(SolutionProperties) = preSolution
		HideSolutionNode = FALSE
	EndGlobalSection
	GlobalSection(ExtensibilityGlobals) = postSolution
		SolutionGuid = {47B38F63-B32E-4B23-969E-A9ACD1B8407C}
	EndGlobalSection
EndGlobal
